
Microsoft Visual Studio Solution File, Format Version 12.00
# Visual Studio 14
VisualStudioVersion = 14.0.25420.1
MinimumVisualStudioVersion = 10.0.40219.1
Project("{8BC9CEB8-8B4A-11D0-8D11-00A0C91BC942}") = "sdl", "libs\sdl\sdl.vcxproj", "{12049F27-EA26-4A33-ADF8-E542C4167C00}"
	ProjectSection(ProjectDependencies) = postProject
		{C6213FBF-BC2B-4235-A827-84A60E848C52} = {C6213FBF-BC2B-4235-A827-84A60E848C52}
	EndProjectSection
EndProject
Project("{8BC9CEB8-8B4A-11D0-8D11-00A0C91BC942}") = "libhl", "libhl.vcxproj", "{C6213FBF-BC2B-4235-A827-84A60E848C52}"
EndProject
Project("{8BC9CEB8-8B4A-11D0-8D11-00A0C91BC942}") = "fmt", "libs\fmt\fmt.vcxproj", "{7DDA1414-6675-45C7-8254-42057901F865}"
	ProjectSection(ProjectDependencies) = postProject
		{C6213FBF-BC2B-4235-A827-84A60E848C52} = {C6213FBF-BC2B-4235-A827-84A60E848C52}
	EndProjectSection
EndProject
Project("{8BC9CEB8-8B4A-11D0-8D11-00A0C91BC942}") = "hl", "hl.vcxproj", "{BBF750D2-6DD2-4A41-AC3A-07C070B94FA1}"
	ProjectSection(ProjectDependencies) = postProject
		{76E4DB00-8114-4B96-BA76-39D800F8D5EE} = {76E4DB00-8114-4B96-BA76-39D800F8D5EE}
		{7DDA1414-6675-45C7-8254-42057901F865} = {7DDA1414-6675-45C7-8254-42057901F865}
		{6534D221-34DF-404A-AFCD-6DEC9BBC9798} = {6534D221-34DF-404A-AFCD-6DEC9BBC9798}
		{12049F27-EA26-4A33-ADF8-E542C4167C00} = {12049F27-EA26-4A33-ADF8-E542C4167C00}
		{EC2DCE5C-267A-4050-8DDE-5BF58FF08E31} = {EC2DCE5C-267A-4050-8DDE-5BF58FF08E31}
		{EC79BC9F-9947-4BCC-92F9-14F90CDE4B04} = {EC79BC9F-9947-4BCC-92F9-14F90CDE4B04}
		{C6213FBF-BC2B-4235-A827-84A60E848C52} = {C6213FBF-BC2B-4235-A827-84A60E848C52}
		{F4D939D6-88D6-4FF2-874A-7BECF75A01C2} = {F4D939D6-88D6-4FF2-874A-7BECF75A01C2}
		{43AAD9DB-4708-46B6-AAE8-A5DB95A0B573} = {43AAD9DB-4708-46B6-AAE8-A5DB95A0B573}
	EndProjectSection
EndProject
Project("{8BC9CEB8-8B4A-11D0-8D11-00A0C91BC942}") = "ui", "libs\ui\ui.vcxproj", "{6534D221-34DF-404A-AFCD-6DEC9BBC9798}"
	ProjectSection(ProjectDependencies) = postProject
		{C6213FBF-BC2B-4235-A827-84A60E848C52} = {C6213FBF-BC2B-4235-A827-84A60E848C52}
	EndProjectSection
EndProject
Project("{8BC9CEB8-8B4A-11D0-8D11-00A0C91BC942}") = "sqlite", "libs\sqlite\sqlite.vcxproj", "{43AAD9DB-4708-46B6-AAE8-A5DB95A0B573}"
	ProjectSection(ProjectDependencies) = postProject
		{C6213FBF-BC2B-4235-A827-84A60E848C52} = {C6213FBF-BC2B-4235-A827-84A60E848C52}
	EndProjectSection
EndProject
Project("{2150E333-8FDC-42A3-9474-1A3956D46DE8}") = "libs", "libs", "{0EC4330B-6B61-45F8-B297-CA7097AFFD98}"
EndProject
Project("{8BC9CEB8-8B4A-11D0-8D11-00A0C91BC942}") = "ssl", "libs\ssl\ssl.vcxproj", "{F4D939D6-88D6-4FF2-874A-7BECF75A01C2}"
	ProjectSection(ProjectDependencies) = postProject
		{C6213FBF-BC2B-4235-A827-84A60E848C52} = {C6213FBF-BC2B-4235-A827-84A60E848C52}
	EndProjectSection
EndProject
Project("{8BC9CEB8-8B4A-11D0-8D11-00A0C91BC942}") = "uv", "libs\uv\uv.vcxproj", "{76E4DB00-8114-4B96-BA76-39D800F8D5EE}"
	ProjectSection(ProjectDependencies) = postProject
		{C6213FBF-BC2B-4235-A827-84A60E848C52} = {C6213FBF-BC2B-4235-A827-84A60E848C52}
	EndProjectSection
EndProject
Project("{8BC9CEB8-8B4A-11D0-8D11-00A0C91BC942}") = "directx", "libs\directx\directx.vcxproj", "{EC79BC9F-9947-4BCC-92F9-14F90CDE4B04}"
	ProjectSection(ProjectDependencies) = postProject
		{C6213FBF-BC2B-4235-A827-84A60E848C52} = {C6213FBF-BC2B-4235-A827-84A60E848C52}
	EndProjectSection
EndProject
Project("{8BC9CEB8-8B4A-11D0-8D11-00A0C91BC942}") = "openal", "libs\openal\openal.vcxproj", "{EC2DCE5C-267A-4050-8DDE-5BF58FF08E31}"
	ProjectSection(ProjectDependencies) = postProject
		{C6213FBF-BC2B-4235-A827-84A60E848C52} = {C6213FBF-BC2B-4235-A827-84A60E848C52}
	EndProjectSection
EndProject
Project("{8BC9CEB8-8B4A-11D0-8D11-00A0C91BC942}") = "mysql", "libs\mysql\mysql.vcxproj", "{540E0E11-B7B1-43F8-B107-0867B2D97F74}"
	ProjectSection(ProjectDependencies) = postProject
		{C6213FBF-BC2B-4235-A827-84A60E848C52} = {C6213FBF-BC2B-4235-A827-84A60E848C52}
	EndProjectSection
EndProject
Global
	GlobalSection(SolutionConfigurationPlatforms) = preSolution
		Debug|Win32 = Debug|Win32
		Debug|x64 = Debug|x64
		Release|Win32 = Release|Win32
		Release|x64 = Release|x64
		ReleaseVS2013|Win32 = ReleaseVS2013|Win32
		ReleaseVS2013|x64 = ReleaseVS2013|x64
	EndGlobalSection
	GlobalSection(ProjectConfigurationPlatforms) = postSolution
		{12049F27-EA26-4A33-ADF8-E542C4167C00}.Debug|Win32.ActiveCfg = Debug|Win32
		{12049F27-EA26-4A33-ADF8-E542C4167C00}.Debug|Win32.Build.0 = Debug|Win32
		{12049F27-EA26-4A33-ADF8-E542C4167C00}.Debug|x64.ActiveCfg = Debug|x64
		{12049F27-EA26-4A33-ADF8-E542C4167C00}.Debug|x64.Build.0 = Debug|x64
		{12049F27-EA26-4A33-ADF8-E542C4167C00}.Release|Win32.ActiveCfg = Release|Win32
		{12049F27-EA26-4A33-ADF8-E542C4167C00}.Release|Win32.Build.0 = Release|Win32
		{12049F27-EA26-4A33-ADF8-E542C4167C00}.Release|x64.ActiveCfg = Release|x64
		{12049F27-EA26-4A33-ADF8-E542C4167C00}.Release|x64.Build.0 = Release|x64
		{12049F27-EA26-4A33-ADF8-E542C4167C00}.ReleaseVS2013|Win32.ActiveCfg = ReleaseVS2013|Win32
		{12049F27-EA26-4A33-ADF8-E542C4167C00}.ReleaseVS2013|Win32.Build.0 = ReleaseVS2013|Win32
		{12049F27-EA26-4A33-ADF8-E542C4167C00}.ReleaseVS2013|x64.ActiveCfg = ReleaseVS2013|x64
		{12049F27-EA26-4A33-ADF8-E542C4167C00}.ReleaseVS2013|x64.Build.0 = ReleaseVS2013|x64
		{C6213FBF-BC2B-4235-A827-84A60E848C52}.Debug|Win32.ActiveCfg = Debug|Win32
		{C6213FBF-BC2B-4235-A827-84A60E848C52}.Debug|Win32.Build.0 = Debug|Win32
		{C6213FBF-BC2B-4235-A827-84A60E848C52}.Debug|x64.ActiveCfg = Debug|x64
		{C6213FBF-BC2B-4235-A827-84A60E848C52}.Debug|x64.Build.0 = Debug|x64
		{C6213FBF-BC2B-4235-A827-84A60E848C52}.Release|Win32.ActiveCfg = Release|Win32
		{C6213FBF-BC2B-4235-A827-84A60E848C52}.Release|Win32.Build.0 = Release|Win32
		{C6213FBF-BC2B-4235-A827-84A60E848C52}.Release|x64.ActiveCfg = Release|x64
		{C6213FBF-BC2B-4235-A827-84A60E848C52}.Release|x64.Build.0 = Release|x64
		{C6213FBF-BC2B-4235-A827-84A60E848C52}.ReleaseVS2013|Win32.ActiveCfg = ReleaseVS2013|Win32
		{C6213FBF-BC2B-4235-A827-84A60E848C52}.ReleaseVS2013|Win32.Build.0 = ReleaseVS2013|Win32
		{C6213FBF-BC2B-4235-A827-84A60E848C52}.ReleaseVS2013|x64.ActiveCfg = ReleaseVS2013|x64
		{C6213FBF-BC2B-4235-A827-84A60E848C52}.ReleaseVS2013|x64.Build.0 = ReleaseVS2013|x64
		{7DDA1414-6675-45C7-8254-42057901F865}.Debug|Win32.ActiveCfg = Debug|Win32
		{7DDA1414-6675-45C7-8254-42057901F865}.Debug|Win32.Build.0 = Debug|Win32
		{7DDA1414-6675-45C7-8254-42057901F865}.Debug|x64.ActiveCfg = Debug|x64
		{7DDA1414-6675-45C7-8254-42057901F865}.Debug|x64.Build.0 = Debug|x64
		{7DDA1414-6675-45C7-8254-42057901F865}.Release|Win32.ActiveCfg = Release|Win32
		{7DDA1414-6675-45C7-8254-42057901F865}.Release|Win32.Build.0 = Release|Win32
		{7DDA1414-6675-45C7-8254-42057901F865}.Release|x64.ActiveCfg = Release|x64
		{7DDA1414-6675-45C7-8254-42057901F865}.Release|x64.Build.0 = Release|x64
		{7DDA1414-6675-45C7-8254-42057901F865}.ReleaseVS2013|Win32.ActiveCfg = ReleaseVS2013|Win32
		{7DDA1414-6675-45C7-8254-42057901F865}.ReleaseVS2013|Win32.Build.0 = ReleaseVS2013|Win32
		{7DDA1414-6675-45C7-8254-42057901F865}.ReleaseVS2013|x64.ActiveCfg = ReleaseVS2013|x64
		{7DDA1414-6675-45C7-8254-42057901F865}.ReleaseVS2013|x64.Build.0 = ReleaseVS2013|x64
		{BBF750D2-6DD2-4A41-AC3A-07C070B94FA1}.Debug|Win32.ActiveCfg = Debug|Win32
		{BBF750D2-6DD2-4A41-AC3A-07C070B94FA1}.Debug|Win32.Build.0 = Debug|Win32
		{BBF750D2-6DD2-4A41-AC3A-07C070B94FA1}.Debug|x64.ActiveCfg = Debug|x64
		{BBF750D2-6DD2-4A41-AC3A-07C070B94FA1}.Debug|x64.Build.0 = Debug|x64
		{BBF750D2-6DD2-4A41-AC3A-07C070B94FA1}.Release|Win32.ActiveCfg = Release|Win32
		{BBF750D2-6DD2-4A41-AC3A-07C070B94FA1}.Release|Win32.Build.0 = Release|Win32
		{BBF750D2-6DD2-4A41-AC3A-07C070B94FA1}.Release|x64.ActiveCfg = Release|x64
		{BBF750D2-6DD2-4A41-AC3A-07C070B94FA1}.Release|x64.Build.0 = Release|x64
		{BBF750D2-6DD2-4A41-AC3A-07C070B94FA1}.ReleaseVS2013|Win32.ActiveCfg = ReleaseVS2013|Win32
		{BBF750D2-6DD2-4A41-AC3A-07C070B94FA1}.ReleaseVS2013|Win32.Build.0 = ReleaseVS2013|Win32
		{BBF750D2-6DD2-4A41-AC3A-07C070B94FA1}.ReleaseVS2013|x64.ActiveCfg = ReleaseVS2013|x64
		{BBF750D2-6DD2-4A41-AC3A-07C070B94FA1}.ReleaseVS2013|x64.Build.0 = ReleaseVS2013|x64
		{6534D221-34DF-404A-AFCD-6DEC9BBC9798}.Debug|Win32.ActiveCfg = Debug|Win32
		{6534D221-34DF-404A-AFCD-6DEC9BBC9798}.Debug|Win32.Build.0 = Debug|Win32
		{6534D221-34DF-404A-AFCD-6DEC9BBC9798}.Debug|x64.ActiveCfg = Debug|x64
		{6534D221-34DF-404A-AFCD-6DEC9BBC9798}.Debug|x64.Build.0 = Debug|x64
		{6534D221-34DF-404A-AFCD-6DEC9BBC9798}.Release|Win32.ActiveCfg = Release|Win32
		{6534D221-34DF-404A-AFCD-6DEC9BBC9798}.Release|Win32.Build.0 = Release|Win32
		{6534D221-34DF-404A-AFCD-6DEC9BBC9798}.Release|x64.ActiveCfg = Release|x64
		{6534D221-34DF-404A-AFCD-6DEC9BBC9798}.Release|x64.Build.0 = Release|x64
		{6534D221-34DF-404A-AFCD-6DEC9BBC9798}.ReleaseVS2013|Win32.ActiveCfg = ReleaseVS2013|Win32
		{6534D221-34DF-404A-AFCD-6DEC9BBC9798}.ReleaseVS2013|Win32.Build.0 = ReleaseVS2013|Win32
		{6534D221-34DF-404A-AFCD-6DEC9BBC9798}.ReleaseVS2013|x64.ActiveCfg = ReleaseVS2013|x64
		{6534D221-34DF-404A-AFCD-6DEC9BBC9798}.ReleaseVS2013|x64.Build.0 = ReleaseVS2013|x64
		{43AAD9DB-4708-46B6-AAE8-A5DB95A0B573}.Debug|Win32.ActiveCfg = Debug|Win32
		{43AAD9DB-4708-46B6-AAE8-A5DB95A0B573}.Debug|Win32.Build.0 = Debug|Win32
		{43AAD9DB-4708-46B6-AAE8-A5DB95A0B573}.Debug|x64.ActiveCfg = Debug|x64
		{43AAD9DB-4708-46B6-AAE8-A5DB95A0B573}.Debug|x64.Build.0 = Debug|x64
		{43AAD9DB-4708-46B6-AAE8-A5DB95A0B573}.Release|Win32.ActiveCfg = Release|Win32
		{43AAD9DB-4708-46B6-AAE8-A5DB95A0B573}.Release|Win32.Build.0 = Release|Win32
		{43AAD9DB-4708-46B6-AAE8-A5DB95A0B573}.Release|x64.ActiveCfg = Release|x64
		{43AAD9DB-4708-46B6-AAE8-A5DB95A0B573}.Release|x64.Build.0 = Release|x64
		{43AAD9DB-4708-46B6-AAE8-A5DB95A0B573}.ReleaseVS2013|Win32.ActiveCfg = ReleaseVS2013|Win32
		{43AAD9DB-4708-46B6-AAE8-A5DB95A0B573}.ReleaseVS2013|Win32.Build.0 = ReleaseVS2013|Win32
		{43AAD9DB-4708-46B6-AAE8-A5DB95A0B573}.ReleaseVS2013|x64.ActiveCfg = ReleaseVS2013|x64
		{43AAD9DB-4708-46B6-AAE8-A5DB95A0B573}.ReleaseVS2013|x64.Build.0 = ReleaseVS2013|x64
		{F4D939D6-88D6-4FF2-874A-7BECF75A01C2}.Debug|Win32.ActiveCfg = Debug|Win32
		{F4D939D6-88D6-4FF2-874A-7BECF75A01C2}.Debug|Win32.Build.0 = Debug|Win32
		{F4D939D6-88D6-4FF2-874A-7BECF75A01C2}.Debug|x64.ActiveCfg = Debug|x64
		{F4D939D6-88D6-4FF2-874A-7BECF75A01C2}.Debug|x64.Build.0 = Debug|x64
		{F4D939D6-88D6-4FF2-874A-7BECF75A01C2}.Release|Win32.ActiveCfg = Release|Win32
		{F4D939D6-88D6-4FF2-874A-7BECF75A01C2}.Release|Win32.Build.0 = Release|Win32
		{F4D939D6-88D6-4FF2-874A-7BECF75A01C2}.Release|x64.ActiveCfg = Release|x64
		{F4D939D6-88D6-4FF2-874A-7BECF75A01C2}.Release|x64.Build.0 = Release|x64
		{F4D939D6-88D6-4FF2-874A-7BECF75A01C2}.ReleaseVS2013|Win32.ActiveCfg = ReleaseVS2013|Win32
		{F4D939D6-88D6-4FF2-874A-7BECF75A01C2}.ReleaseVS2013|Win32.Build.0 = ReleaseVS2013|Win32
		{F4D939D6-88D6-4FF2-874A-7BECF75A01C2}.ReleaseVS2013|x64.ActiveCfg = ReleaseVS2013|x64
		{F4D939D6-88D6-4FF2-874A-7BECF75A01C2}.ReleaseVS2013|x64.Build.0 = ReleaseVS2013|x64
		{76E4DB00-8114-4B96-BA76-39D800F8D5EE}.Debug|Win32.ActiveCfg = Debug|Win32
		{76E4DB00-8114-4B96-BA76-39D800F8D5EE}.Debug|Win32.Build.0 = Debug|Win32
		{76E4DB00-8114-4B96-BA76-39D800F8D5EE}.Debug|x64.ActiveCfg = Debug|x64
		{76E4DB00-8114-4B96-BA76-39D800F8D5EE}.Debug|x64.Build.0 = Debug|x64
		{76E4DB00-8114-4B96-BA76-39D800F8D5EE}.Release|Win32.ActiveCfg = Release|Win32
		{76E4DB00-8114-4B96-BA76-39D800F8D5EE}.Release|Win32.Build.0 = Release|Win32
		{76E4DB00-8114-4B96-BA76-39D800F8D5EE}.Release|x64.ActiveCfg = Release|x64
		{76E4DB00-8114-4B96-BA76-39D800F8D5EE}.Release|x64.Build.0 = Release|x64
		{76E4DB00-8114-4B96-BA76-39D800F8D5EE}.ReleaseVS2013|Win32.ActiveCfg = ReleaseVS2013|Win32
		{76E4DB00-8114-4B96-BA76-39D800F8D5EE}.ReleaseVS2013|Win32.Build.0 = ReleaseVS2013|Win32
		{76E4DB00-8114-4B96-BA76-39D800F8D5EE}.ReleaseVS2013|x64.ActiveCfg = ReleaseVS2013|x64
		{76E4DB00-8114-4B96-BA76-39D800F8D5EE}.ReleaseVS2013|x64.Build.0 = ReleaseVS2013|x64
		{EC79BC9F-9947-4BCC-92F9-14F90CDE4B04}.Debug|Win32.ActiveCfg = Debug|Win32
		{EC79BC9F-9947-4BCC-92F9-14F90CDE4B04}.Debug|Win32.Build.0 = Debug|Win32
		{EC79BC9F-9947-4BCC-92F9-14F90CDE4B04}.Debug|x64.ActiveCfg = Debug|x64
		{EC79BC9F-9947-4BCC-92F9-14F90CDE4B04}.Debug|x64.Build.0 = Debug|x64
		{EC79BC9F-9947-4BCC-92F9-14F90CDE4B04}.Release|Win32.ActiveCfg = Release|Win32
		{EC79BC9F-9947-4BCC-92F9-14F90CDE4B04}.Release|Win32.Build.0 = Release|Win32
		{EC79BC9F-9947-4BCC-92F9-14F90CDE4B04}.Release|x64.ActiveCfg = Release|x64
		{EC79BC9F-9947-4BCC-92F9-14F90CDE4B04}.Release|x64.Build.0 = Release|x64
		{EC79BC9F-9947-4BCC-92F9-14F90CDE4B04}.ReleaseVS2013|Win32.ActiveCfg = ReleaseVS2013|Win32
		{EC79BC9F-9947-4BCC-92F9-14F90CDE4B04}.ReleaseVS2013|Win32.Build.0 = ReleaseVS2013|Win32
		{EC79BC9F-9947-4BCC-92F9-14F90CDE4B04}.ReleaseVS2013|x64.ActiveCfg = ReleaseVS2013|x64
		{EC79BC9F-9947-4BCC-92F9-14F90CDE4B04}.ReleaseVS2013|x64.Build.0 = ReleaseVS2013|x64
		{EC2DCE5C-267A-4050-8DDE-5BF58FF08E31}.Debug|Win32.ActiveCfg = Debug|Win32
		{EC2DCE5C-267A-4050-8DDE-5BF58FF08E31}.Debug|Win32.Build.0 = Debug|Win32
		{EC2DCE5C-267A-4050-8DDE-5BF58FF08E31}.Debug|x64.ActiveCfg = Debug|x64
		{EC2DCE5C-267A-4050-8DDE-5BF58FF08E31}.Debug|x64.Build.0 = Debug|x64
		{EC2DCE5C-267A-4050-8DDE-5BF58FF08E31}.Release|Win32.ActiveCfg = Release|Win32
		{EC2DCE5C-267A-4050-8DDE-5BF58FF08E31}.Release|Win32.Build.0 = Release|Win32
		{EC2DCE5C-267A-4050-8DDE-5BF58FF08E31}.Release|x64.ActiveCfg = Release|x64
		{EC2DCE5C-267A-4050-8DDE-5BF58FF08E31}.Release|x64.Build.0 = Release|x64
		{EC2DCE5C-267A-4050-8DDE-5BF58FF08E31}.ReleaseVS2013|Win32.ActiveCfg = ReleaseVS2013|Win32
		{EC2DCE5C-267A-4050-8DDE-5BF58FF08E31}.ReleaseVS2013|Win32.Build.0 = ReleaseVS2013|Win32
		{EC2DCE5C-267A-4050-8DDE-5BF58FF08E31}.ReleaseVS2013|x64.ActiveCfg = ReleaseVS2013|x64
		{EC2DCE5C-267A-4050-8DDE-5BF58FF08E31}.ReleaseVS2013|x64.Build.0 = ReleaseVS2013|x64
		{540E0E11-B7B1-43F8-B107-0867B2D97F74}.Debug|Win32.ActiveCfg = Debug|Win32
		{540E0E11-B7B1-43F8-B107-0867B2D97F74}.Debug|Win32.Build.0 = Debug|Win32
		{540E0E11-B7B1-43F8-B107-0867B2D97F74}.Debug|x64.ActiveCfg = Debug|x64
		{540E0E11-B7B1-43F8-B107-0867B2D97F74}.Debug|x64.Build.0 = Debug|x64
		{540E0E11-B7B1-43F8-B107-0867B2D97F74}.Release|Win32.ActiveCfg = Release|Win32
		{540E0E11-B7B1-43F8-B107-0867B2D97F74}.Release|Win32.Build.0 = Release|Win32
		{540E0E11-B7B1-43F8-B107-0867B2D97F74}.Release|x64.ActiveCfg = Release|x64
		{540E0E11-B7B1-43F8-B107-0867B2D97F74}.Release|x64.Build.0 = Release|x64
		{540E0E11-B7B1-43F8-B107-0867B2D97F74}.ReleaseVS2013|Win32.ActiveCfg = ReleaseVS2013|Win32
		{540E0E11-B7B1-43F8-B107-0867B2D97F74}.ReleaseVS2013|Win32.Build.0 = ReleaseVS2013|Win32
		{540E0E11-B7B1-43F8-B107-0867B2D97F74}.ReleaseVS2013|x64.ActiveCfg = ReleaseVS2013|x64
		{540E0E11-B7B1-43F8-B107-0867B2D97F74}.ReleaseVS2013|x64.Build.0 = ReleaseVS2013|x64
	EndGlobalSection
	GlobalSection(SolutionProperties) = preSolution
		HideSolutionNode = FALSE
	EndGlobalSection
	GlobalSection(NestedProjects) = preSolution
		{12049F27-EA26-4A33-ADF8-E542C4167C00} = {0EC4330B-6B61-45F8-B297-CA7097AFFD98}
		{7DDA1414-6675-45C7-8254-42057901F865} = {0EC4330B-6B61-45F8-B297-CA7097AFFD98}
		{6534D221-34DF-404A-AFCD-6DEC9BBC9798} = {0EC4330B-6B61-45F8-B297-CA7097AFFD98}
		{43AAD9DB-4708-46B6-AAE8-A5DB95A0B573} = {0EC4330B-6B61-45F8-B297-CA7097AFFD98}
		{F4D939D6-88D6-4FF2-874A-7BECF75A01C2} = {0EC4330B-6B61-45F8-B297-CA7097AFFD98}
		{76E4DB00-8114-4B96-BA76-39D800F8D5EE} = {0EC4330B-6B61-45F8-B297-CA7097AFFD98}
		{EC79BC9F-9947-4BCC-92F9-14F90CDE4B04} = {0EC4330B-6B61-45F8-B297-CA7097AFFD98}
		{EC2DCE5C-267A-4050-8DDE-5BF58FF08E31} = {0EC4330B-6B61-45F8-B297-CA7097AFFD98}
		{540E0E11-B7B1-43F8-B107-0867B2D97F74} = {0EC4330B-6B61-45F8-B297-CA7097AFFD98}
	EndGlobalSection
EndGlobal
