
Microsoft Visual Studio Solution File, Format Version 12.00
# Visual Studio 14
VisualStudioVersion = 14.0.25123.0
MinimumVisualStudioVersion = 10.0.40219.1
Project("{8BC9CEB8-8B4A-11D0-8D11-00A0C91BC942}") = "sdl", "libs\sdl\sdl.vcxproj", "{12049F27-EA26-4A33-ADF8-E542C4167C00}"
	ProjectSection(ProjectDependencies) = postProject
		{C6213FBF-BC2B-4235-A827-84A60E848C52} = {C6213FBF-BC2B-4235-A827-84A60E848C52}
	EndProjectSection
EndProject
Project("{8BC9CEB8-8B4A-11D0-8D11-00A0C91BC942}") = "hldll", "hldll.vcxproj", "{C6213FBF-BC2B-4235-A827-84A60E848C52}"
EndProject
Project("{8BC9CEB8-8B4A-11D0-8D11-00A0C91BC942}") = "fmt", "libs\fmt\fmt.vcxproj", "{7DDA1414-6675-45C7-8254-42057901F865}"
	ProjectSection(ProjectDependencies) = postProject
		{C6213FBF-BC2B-4235-A827-84A60E848C52} = {C6213FBF-BC2B-4235-A827-84A60E848C52}
	EndProjectSection
EndProject
Project("{8BC9CEB8-8B4A-11D0-8D11-00A0C91BC942}") = "hlc", "hlc.vcxproj", "{80755B1F-41F6-4C73-B3F3-8325AEAE1016}"
	ProjectSection(ProjectDependencies) = postProject
		{7DDA1414-6675-45C7-8254-42057901F865} = {7DDA1414-6675-45C7-8254-42057901F865}
		{6534D221-34DF-404A-AFCD-6DEC9BBC9798} = {6534D221-34DF-404A-AFCD-6DEC9BBC9798}
		{12049F27-EA26-4A33-ADF8-E542C4167C00} = {12049F27-EA26-4A33-ADF8-E542C4167C00}
		{C6213FBF-BC2B-4235-A827-84A60E848C52} = {C6213FBF-BC2B-4235-A827-84A60E848C52}
	EndProjectSection
EndProject
Project("{8BC9CEB8-8B4A-11D0-8D11-00A0C91BC942}") = "hl", "hl.vcxproj", "{BBF750D2-6DD2-4A41-AC3A-07C070B94FA1}"
	ProjectSection(ProjectDependencies) = postProject
		{C6213FBF-BC2B-4235-A827-84A60E848C52} = {C6213FBF-BC2B-4235-A827-84A60E848C52}
	EndProjectSection
EndProject
Project("{8BC9CEB8-8B4A-11D0-8D11-00A0C91BC942}") = "ui", "libs\ui\ui.vcxproj", "{6534D221-34DF-404A-AFCD-6DEC9BBC9798}"
	ProjectSection(ProjectDependencies) = postProject
		{C6213FBF-BC2B-4235-A827-84A60E848C52} = {C6213FBF-BC2B-4235-A827-84A60E848C52}
	EndProjectSection
EndProject
Global
	GlobalSection(SolutionConfigurationPlatforms) = preSolution
		Debug|Win32 = Debug|Win32
		Debug|x64 = Debug|x64
		Release|Win32 = Release|Win32
		Release|x64 = Release|x64
		ReleaseStatic|Win32 = ReleaseStatic|Win32
		ReleaseStatic|x64 = ReleaseStatic|x64
	EndGlobalSection
	GlobalSection(ProjectConfigurationPlatforms) = postSolution
		{12049F27-EA26-4A33-ADF8-E542C4167C00}.Debug|Win32.ActiveCfg = Debug|Win32
		{12049F27-EA26-4A33-ADF8-E542C4167C00}.Debug|Win32.Build.0 = Debug|Win32
		{12049F27-EA26-4A33-ADF8-E542C4167C00}.Debug|x64.ActiveCfg = Debug|x64
		{12049F27-EA26-4A33-ADF8-E542C4167C00}.Debug|x64.Build.0 = Debug|x64
		{12049F27-EA26-4A33-ADF8-E542C4167C00}.Release|Win32.ActiveCfg = Release|Win32
		{12049F27-EA26-4A33-ADF8-E542C4167C00}.Release|Win32.Build.0 = Release|Win32
		{12049F27-EA26-4A33-ADF8-E542C4167C00}.Release|x64.ActiveCfg = Release|x64
		{12049F27-EA26-4A33-ADF8-E542C4167C00}.Release|x64.Build.0 = Release|x64
		{12049F27-EA26-4A33-ADF8-E542C4167C00}.ReleaseStatic|Win32.ActiveCfg = ReleaseStatic|Win32
		{12049F27-EA26-4A33-ADF8-E542C4167C00}.ReleaseStatic|Win32.Build.0 = ReleaseStatic|Win32
		{12049F27-EA26-4A33-ADF8-E542C4167C00}.ReleaseStatic|x64.ActiveCfg = ReleaseStatic|x64
		{12049F27-EA26-4A33-ADF8-E542C4167C00}.ReleaseStatic|x64.Build.0 = ReleaseStatic|x64
		{C6213FBF-BC2B-4235-A827-84A60E848C52}.Debug|Win32.ActiveCfg = Debug|Win32
		{C6213FBF-BC2B-4235-A827-84A60E848C52}.Debug|Win32.Build.0 = Debug|Win32
		{C6213FBF-BC2B-4235-A827-84A60E848C52}.Debug|x64.ActiveCfg = Debug|x64
		{C6213FBF-BC2B-4235-A827-84A60E848C52}.Debug|x64.Build.0 = Debug|x64
		{C6213FBF-BC2B-4235-A827-84A60E848C52}.Release|Win32.ActiveCfg = Release|Win32
		{C6213FBF-BC2B-4235-A827-84A60E848C52}.Release|Win32.Build.0 = Release|Win32
		{C6213FBF-BC2B-4235-A827-84A60E848C52}.Release|x64.ActiveCfg = Release|x64
		{C6213FBF-BC2B-4235-A827-84A60E848C52}.Release|x64.Build.0 = Release|x64
		{C6213FBF-BC2B-4235-A827-84A60E848C52}.ReleaseStatic|Win32.ActiveCfg = ReleaseStatic|Win32
		{C6213FBF-BC2B-4235-A827-84A60E848C52}.ReleaseStatic|Win32.Build.0 = ReleaseStatic|Win32
		{C6213FBF-BC2B-4235-A827-84A60E848C52}.ReleaseStatic|x64.ActiveCfg = ReleaseStatic|x64
		{C6213FBF-BC2B-4235-A827-84A60E848C52}.ReleaseStatic|x64.Build.0 = ReleaseStatic|x64
		{7DDA1414-6675-45C7-8254-42057901F865}.Debug|Win32.ActiveCfg = Debug|Win32
		{7DDA1414-6675-45C7-8254-42057901F865}.Debug|Win32.Build.0 = Debug|Win32
		{7DDA1414-6675-45C7-8254-42057901F865}.Debug|x64.ActiveCfg = Debug|x64
		{7DDA1414-6675-45C7-8254-42057901F865}.Debug|x64.Build.0 = Debug|x64
		{7DDA1414-6675-45C7-8254-42057901F865}.Release|Win32.ActiveCfg = Release|Win32
		{7DDA1414-6675-45C7-8254-42057901F865}.Release|Win32.Build.0 = Release|Win32
		{7DDA1414-6675-45C7-8254-42057901F865}.Release|x64.ActiveCfg = Release|x64
		{7DDA1414-6675-45C7-8254-42057901F865}.Release|x64.Build.0 = Release|x64
		{7DDA1414-6675-45C7-8254-42057901F865}.ReleaseStatic|Win32.ActiveCfg = ReleaseStatic|Win32
		{7DDA1414-6675-45C7-8254-42057901F865}.ReleaseStatic|Win32.Build.0 = ReleaseStatic|Win32
		{7DDA1414-6675-45C7-8254-42057901F865}.ReleaseStatic|x64.ActiveCfg = ReleaseStatic|x64
		{7DDA1414-6675-45C7-8254-42057901F865}.ReleaseStatic|x64.Build.0 = ReleaseStatic|x64
		{80755B1F-41F6-4C73-B3F3-8325AEAE1016}.Debug|Win32.ActiveCfg = Debug|Win32
		{80755B1F-41F6-4C73-B3F3-8325AEAE1016}.Debug|Win32.Build.0 = Debug|Win32
		{80755B1F-41F6-4C73-B3F3-8325AEAE1016}.Debug|x64.ActiveCfg = Debug|x64
		{80755B1F-41F6-4C73-B3F3-8325AEAE1016}.Debug|x64.Build.0 = Debug|x64
		{80755B1F-41F6-4C73-B3F3-8325AEAE1016}.Release|Win32.ActiveCfg = Release|Win32
		{80755B1F-41F6-4C73-B3F3-8325AEAE1016}.Release|Win32.Build.0 = Release|Win32
		{80755B1F-41F6-4C73-B3F3-8325AEAE1016}.Release|x64.ActiveCfg = Release|x64
		{80755B1F-41F6-4C73-B3F3-8325AEAE1016}.Release|x64.Build.0 = Release|x64
		{80755B1F-41F6-4C73-B3F3-8325AEAE1016}.ReleaseStatic|Win32.ActiveCfg = ReleaseStatic|Win32
		{80755B1F-41F6-4C73-B3F3-8325AEAE1016}.ReleaseStatic|Win32.Build.0 = ReleaseStatic|Win32
		{80755B1F-41F6-4C73-B3F3-8325AEAE1016}.ReleaseStatic|x64.ActiveCfg = ReleaseStatic|x64
		{80755B1F-41F6-4C73-B3F3-8325AEAE1016}.ReleaseStatic|x64.Build.0 = ReleaseStatic|x64
		{BBF750D2-6DD2-4A41-AC3A-07C070B94FA1}.Debug|Win32.ActiveCfg = Debug|Win32
		{BBF750D2-6DD2-4A41-AC3A-07C070B94FA1}.Debug|Win32.Build.0 = Debug|Win32
		{BBF750D2-6DD2-4A41-AC3A-07C070B94FA1}.Debug|x64.ActiveCfg = Debug|x64
		{BBF750D2-6DD2-4A41-AC3A-07C070B94FA1}.Debug|x64.Build.0 = Debug|x64
		{BBF750D2-6DD2-4A41-AC3A-07C070B94FA1}.Release|Win32.ActiveCfg = Release|Win32
		{BBF750D2-6DD2-4A41-AC3A-07C070B94FA1}.Release|Win32.Build.0 = Release|Win32
		{BBF750D2-6DD2-4A41-AC3A-07C070B94FA1}.Release|x64.ActiveCfg = Release|x64
		{BBF750D2-6DD2-4A41-AC3A-07C070B94FA1}.Release|x64.Build.0 = Release|x64
		{BBF750D2-6DD2-4A41-AC3A-07C070B94FA1}.ReleaseStatic|Win32.ActiveCfg = ReleaseStatic|Win32
		{BBF750D2-6DD2-4A41-AC3A-07C070B94FA1}.ReleaseStatic|Win32.Build.0 = ReleaseStatic|Win32
		{BBF750D2-6DD2-4A41-AC3A-07C070B94FA1}.ReleaseStatic|x64.ActiveCfg = ReleaseStatic|x64
		{BBF750D2-6DD2-4A41-AC3A-07C070B94FA1}.ReleaseStatic|x64.Build.0 = ReleaseStatic|x64
		{6534D221-34DF-404A-AFCD-6DEC9BBC9798}.Debug|Win32.ActiveCfg = Debug|Win32
		{6534D221-34DF-404A-AFCD-6DEC9BBC9798}.Debug|Win32.Build.0 = Debug|Win32
		{6534D221-34DF-404A-AFCD-6DEC9BBC9798}.Debug|x64.ActiveCfg = Debug|x64
		{6534D221-34DF-404A-AFCD-6DEC9BBC9798}.Debug|x64.Build.0 = Debug|x64
		{6534D221-34DF-404A-AFCD-6DEC9BBC9798}.Release|Win32.ActiveCfg = Release|Win32
		{6534D221-34DF-404A-AFCD-6DEC9BBC9798}.Release|Win32.Build.0 = Release|Win32
		{6534D221-34DF-404A-AFCD-6DEC9BBC9798}.Release|x64.ActiveCfg = Release|x64
		{6534D221-34DF-404A-AFCD-6DEC9BBC9798}.Release|x64.Build.0 = Release|x64
		{6534D221-34DF-404A-AFCD-6DEC9BBC9798}.ReleaseStatic|Win32.ActiveCfg = ReleaseStatic|Win32
		{6534D221-34DF-404A-AFCD-6DEC9BBC9798}.ReleaseStatic|Win32.Build.0 = ReleaseStatic|Win32
		{6534D221-34DF-404A-AFCD-6DEC9BBC9798}.ReleaseStatic|x64.ActiveCfg = ReleaseStatic|x64
		{6534D221-34DF-404A-AFCD-6DEC9BBC9798}.ReleaseStatic|x64.Build.0 = ReleaseStatic|x64
	EndGlobalSection
	GlobalSection(SolutionProperties) = preSolution
		HideSolutionNode = FALSE
	EndGlobalSection
EndGlobal
