<?xml version="1.0" encoding="utf-8"?>
<Project ToolsVersion="4.0" xmlns="http://schemas.microsoft.com/developer/msbuild/2003">
  <ItemGroup>
    <Filter Include="pcre">
      <UniqueIdentifier>{0e7277a9-ef45-478a-96fb-94c4a8974464}</UniqueIdentifier>
    </Filter>
    <Filter Include="std">
      <UniqueIdentifier>{1a2be115-e928-4943-acee-27878bb374ee}</UniqueIdentifier>
    </Filter>
  </ItemGroup>
  <ItemGroup>
    <ClCompile Include="include\pcre\pcre_chartables.c">
      <Filter>pcre</Filter>
    </ClCompile>
    <ClCompile Include="include\pcre\pcre_compile.c">
      <Filter>pcre</Filter>
    </ClCompile>
    <ClCompile Include="include\pcre\pcre_dfa_exec.c">
      <Filter>pcre</Filter>
    </ClCompile>
    <ClCompile Include="include\pcre\pcre_exec.c">
      <Filter>pcre</Filter>
    </ClCompile>
    <ClCompile Include="include\pcre\pcre_fullinfo.c">
      <Filter>pcre</Filter>
    </ClCompile>
    <ClCompile Include="include\pcre\pcre_globals.c">
      <Filter>pcre</Filter>
    </ClCompile>
    <ClCompile Include="include\pcre\pcre_newline.c">
      <Filter>pcre</Filter>
    </ClCompile>
    <ClCompile Include="include\pcre\pcre_string_utils.c">
      <Filter>pcre</Filter>
    </ClCompile>
    <ClCompile Include="include\pcre\pcre_tables.c">
      <Filter>pcre</Filter>
    </ClCompile>
    <ClCompile Include="include\pcre\pcre_xclass.c">
      <Filter>pcre</Filter>
    </ClCompile>
    <ClCompile Include="src\std\array.c">
      <Filter>std</Filter>
    </ClCompile>
    <ClCompile Include="src\std\buffer.c">
      <Filter>std</Filter>
    </ClCompile>
    <ClCompile Include="src\std\bytes.c">
      <Filter>std</Filter>
    </ClCompile>
    <ClCompile Include="src\std\cast.c">
      <Filter>std</Filter>
    </ClCompile>
    <ClCompile Include="src\std\date.c">
      <Filter>std</Filter>
    </ClCompile>
    <ClCompile Include="src\std\error.c">
      <Filter>std</Filter>
    </ClCompile>
    <ClCompile Include="src\std\file.c">
      <Filter>std</Filter>
    </ClCompile>
    <ClCompile Include="src\std\fun.c">
      <Filter>std</Filter>
    </ClCompile>
    <ClCompile Include="src\std\maps.c">
      <Filter>std</Filter>
    </ClCompile>
    <ClCompile Include="src\std\math.c">
      <Filter>std</Filter>
    </ClCompile>
    <ClCompile Include="src\std\obj.c">
      <Filter>std</Filter>
    </ClCompile>
    <ClCompile Include="src\std\regexp.c">
      <Filter>std</Filter>
    </ClCompile>
    <ClCompile Include="src\std\socket.c">
      <Filter>std</Filter>
    </ClCompile>
    <ClCompile Include="src\std\string.c">
      <Filter>std</Filter>
    </ClCompile>
    <ClCompile Include="src\std\sys.c">
      <Filter>std</Filter>
    </ClCompile>
    <ClCompile Include="src\std\types.c">
      <Filter>std</Filter>
    </ClCompile>
    <ClCompile Include="src\std\ucs2.c">
      <Filter>std</Filter>
    </ClCompile>
    <ClCompile Include="src\std\random.c">
      <Filter>std</Filter>
    </ClCompile>
    <ClCompile Include="src\std\thread.c">
      <Filter>std</Filter>
    </ClCompile>
    <ClCompile Include="src\std\process.c">
      <Filter>std</Filter>
    </ClCompile>
    <ClCompile Include="src\std\debug.c">
      <Filter>std</Filter>
    </ClCompile>
    <ClCompile Include="include\pcre\pcre_ucd.c">
      <Filter>pcre</Filter>
    </ClCompile>
    <ClCompile Include="include\pcre\pcre16_valid_utf16.c">
      <Filter>pcre</Filter>
    </ClCompile>
    <ClCompile Include="include\pcre\pcre16_ord2utf16.c">
      <Filter>pcre</Filter>
    </ClCompile>
    <ClCompile Include="src\std\track.c">
      <Filter>std</Filter>
    </ClCompile>
    <ClCompile Include="src\gc.c" />
  </ItemGroup>
  <ItemGroup>
    <ClInclude Include="include\pcre\config.h">
      <Filter>pcre</Filter>
    </ClInclude>
    <ClInclude Include="include\pcre\pcre.h">
      <Filter>pcre</Filter>
    </ClInclude>
    <ClInclude Include="include\pcre\pcre_internal.h">
      <Filter>pcre</Filter>
    </ClInclude>
    <ClInclude Include="include\pcre\ucp.h">
      <Filter>pcre</Filter>
    </ClInclude>
    <ClInclude Include="src\hl.h" />
  </ItemGroup>
</Project>