
Microsoft Visual Studio Solution File, Format Version 12.00
# Visual Studio 14
VisualStudioVersion = 14.0.25123.0
MinimumVisualStudioVersion = 10.0.40219.1
Project("{8BC9CEB8-8B4A-11D0-8D11-00A0C91BC942}") = "video", "video.vcxproj", "{12049F27-EA26-4A33-ADF8-E542C4167C00}"
EndProject
Global
	GlobalSection(SolutionConfigurationPlatforms) = preSolution
		Debug|x64 = Debug|x64
		Debug|x86 = Debug|x86
		Release|x64 = Release|x64
		Release|x86 = Release|x86
		ReleaseStatic|x64 = ReleaseStatic|x64
		ReleaseStatic|x86 = ReleaseStatic|x86
	EndGlobalSection
	GlobalSection(ProjectConfigurationPlatforms) = postSolution
		{12049F27-EA26-4A33-ADF8-E542C4167C00}.Debug|x64.ActiveCfg = Debug|x64
		{12049F27-EA26-4A33-ADF8-E542C4167C00}.Debug|x64.Build.0 = Debug|x64
		{12049F27-EA26-4A33-ADF8-E542C4167C00}.Debug|x86.ActiveCfg = Debug|Win32
		{12049F27-EA26-4A33-ADF8-E542C4167C00}.Debug|x86.Build.0 = Debug|Win32
		{12049F27-EA26-4A33-ADF8-E542C4167C00}.Release|x64.ActiveCfg = Release|x64
		{12049F27-EA26-4A33-ADF8-E542C4167C00}.Release|x64.Build.0 = Release|x64
		{12049F27-EA26-4A33-ADF8-E542C4167C00}.Release|x86.ActiveCfg = Release|Win32
		{12049F27-EA26-4A33-ADF8-E542C4167C00}.Release|x86.Build.0 = Release|Win32
		{12049F27-EA26-4A33-ADF8-E542C4167C00}.ReleaseStatic|x64.ActiveCfg = ReleaseStatic|x64
		{12049F27-EA26-4A33-ADF8-E542C4167C00}.ReleaseStatic|x64.Build.0 = ReleaseStatic|x64
		{12049F27-EA26-4A33-ADF8-E542C4167C00}.ReleaseStatic|x86.ActiveCfg = ReleaseStatic|Win32
		{12049F27-EA26-4A33-ADF8-E542C4167C00}.ReleaseStatic|x86.Build.0 = ReleaseStatic|Win32
	EndGlobalSection
	GlobalSection(SolutionProperties) = preSolution
		HideSolutionNode = FALSE
	EndGlobalSection
EndGlobal
