
Microsoft Visual Studio Solution File, Format Version 12.00
# Visual Studio Version 16
VisualStudioVersion = 16.0.32106.194
MinimumVisualStudioVersion = 10.0.40219.1
Project("{8BC9CEB8-8B4A-11D0-8D11-00A0C91BC942}") = "dx12", "dx12.vcxproj", "{EC79BC9F-9947-4BCC-92F9-14F90CDE4B04}"
EndProject
Global
	GlobalSection(SolutionConfigurationPlatforms) = preSolution
		Debug|x64 = Debug|x64
		Debug|x86 = Debug|x86
		ReleaseVS2017|x64 = ReleaseVS2017|x64
		ReleaseVS2017|x86 = ReleaseVS2017|x86
	EndGlobalSection
	GlobalSection(ProjectConfigurationPlatforms) = postSolution
		{EC79BC9F-9947-4BCC-92F9-14F90CDE4B04}.Debug|x64.ActiveCfg = Debug|x64
		{EC79BC9F-9947-4BCC-92F9-14F90CDE4B04}.Debug|x64.Build.0 = Debug|x64
		{EC79BC9F-9947-4BCC-92F9-14F90CDE4B04}.Debug|x86.ActiveCfg = Debug|Win32
		{EC79BC9F-9947-4BCC-92F9-14F90CDE4B04}.Debug|x86.Build.0 = Debug|Win32
		{EC79BC9F-9947-4BCC-92F9-14F90CDE4B04}.ReleaseVS2017|x64.ActiveCfg = ReleaseVS2017|x64
		{EC79BC9F-9947-4BCC-92F9-14F90CDE4B04}.ReleaseVS2017|x64.Build.0 = ReleaseVS2017|x64
		{EC79BC9F-9947-4BCC-92F9-14F90CDE4B04}.ReleaseVS2017|x86.ActiveCfg = ReleaseVS2017|Win32
		{EC79BC9F-9947-4BCC-92F9-14F90CDE4B04}.ReleaseVS2017|x86.Build.0 = ReleaseVS2017|Win32
	EndGlobalSection
	GlobalSection(SolutionProperties) = preSolution
		HideSolutionNode = FALSE
	EndGlobalSection
	GlobalSection(ExtensibilityGlobals) = postSolution
		SolutionGuid = {07DDF0F6-CAE2-4E5F-9F7C-83E25A725087}
	EndGlobalSection
EndGlobal
