<?xml version="1.0" encoding="utf-8"?>
<Project ToolsVersion="4.0" xmlns="http://schemas.microsoft.com/developer/msbuild/2003">
  <ItemGroup>::foreach cfiles::::if directory::
    <ClCompile Include="::relDir::::path::">
      <Filter>$$winPath(::directory::)</Filter>
    </ClCompile>::else::
    <ClCompile Include="::relDir::::path::" />::end::::end::
  </ItemGroup>
  <ItemGroup>::foreach directories::
    <Filter Include="$$winPath(::path::)">
      <UniqueIdentifier>{$$makeUID(::path::)}</UniqueIdentifier>
    </Filter>::end::
  </ItemGroup>
  <ItemGroup>::foreach hfiles::::if directory::
    <ClInclude Include="::relDir::::path::">
      <Filter>$$winPath(::directory::)</Filter>
    </ClInclude>::else::
    <ClInclude Include="::relDir::::path::" />::end::::end::
  </ItemGroup>
</Project>
