<?xml version="1.0" encoding="utf-8"?>
<Project ToolsVersion="4.0" xmlns="http://schemas.microsoft.com/developer/msbuild/2003">
  <ItemGroup>
    <ClCompile Include="fmt.c" />
    <ClCompile Include="..\..\include\turbojpeg\jaricom.c">
      <Filter>turbojpeg</Filter>
    </ClCompile>
    <ClCompile Include="..\..\include\turbojpeg\jcapimin.c">
      <Filter>turbojpeg</Filter>
    </ClCompile>
    <ClCompile Include="..\..\include\turbojpeg\jcapistd.c">
      <Filter>turbojpeg</Filter>
    </ClCompile>
    <ClCompile Include="..\..\include\turbojpeg\jcarith.c">
      <Filter>turbojpeg</Filter>
    </ClCompile>
    <ClCompile Include="..\..\include\turbojpeg\jccoefct.c">
      <Filter>turbojpeg</Filter>
    </ClCompile>
    <ClCompile Include="..\..\include\turbojpeg\jccolor.c">
      <Filter>turbojpeg</Filter>
    </ClCompile>
    <ClCompile Include="..\..\include\turbojpeg\jcdctmgr.c">
      <Filter>turbojpeg</Filter>
    </ClCompile>
    <ClCompile Include="..\..\include\turbojpeg\jchuff.c">
      <Filter>turbojpeg</Filter>
    </ClCompile>
    <ClCompile Include="..\..\include\turbojpeg\jcinit.c">
      <Filter>turbojpeg</Filter>
    </ClCompile>
    <ClCompile Include="..\..\include\turbojpeg\jcmainct.c">
      <Filter>turbojpeg</Filter>
    </ClCompile>
    <ClCompile Include="..\..\include\turbojpeg\jcmarker.c">
      <Filter>turbojpeg</Filter>
    </ClCompile>
    <ClCompile Include="..\..\include\turbojpeg\jcmaster.c">
      <Filter>turbojpeg</Filter>
    </ClCompile>
    <ClCompile Include="..\..\include\turbojpeg\jcomapi.c">
      <Filter>turbojpeg</Filter>
    </ClCompile>
    <ClCompile Include="..\..\include\turbojpeg\jcparam.c">
      <Filter>turbojpeg</Filter>
    </ClCompile>
    <ClCompile Include="..\..\include\turbojpeg\jcphuff.c">
      <Filter>turbojpeg</Filter>
    </ClCompile>
    <ClCompile Include="..\..\include\turbojpeg\jcprepct.c">
      <Filter>turbojpeg</Filter>
    </ClCompile>
    <ClCompile Include="..\..\include\turbojpeg\jcsample.c">
      <Filter>turbojpeg</Filter>
    </ClCompile>
    <ClCompile Include="..\..\include\turbojpeg\jctrans.c">
      <Filter>turbojpeg</Filter>
    </ClCompile>
    <ClCompile Include="..\..\include\turbojpeg\jdapimin.c">
      <Filter>turbojpeg</Filter>
    </ClCompile>
    <ClCompile Include="..\..\include\turbojpeg\jdapistd.c">
      <Filter>turbojpeg</Filter>
    </ClCompile>
    <ClCompile Include="..\..\include\turbojpeg\jdarith.c">
      <Filter>turbojpeg</Filter>
    </ClCompile>
    <ClCompile Include="..\..\include\turbojpeg\jdatadst.c">
      <Filter>turbojpeg</Filter>
    </ClCompile>
    <ClCompile Include="..\..\include\turbojpeg\jdatadst-tj.c">
      <Filter>turbojpeg</Filter>
    </ClCompile>
    <ClCompile Include="..\..\include\turbojpeg\jdatasrc.c">
      <Filter>turbojpeg</Filter>
    </ClCompile>
    <ClCompile Include="..\..\include\turbojpeg\jdatasrc-tj.c">
      <Filter>turbojpeg</Filter>
    </ClCompile>
    <ClCompile Include="..\..\include\turbojpeg\jdcoefct.c">
      <Filter>turbojpeg</Filter>
    </ClCompile>
    <ClCompile Include="..\..\include\turbojpeg\jdcolor.c">
      <Filter>turbojpeg</Filter>
    </ClCompile>
    <ClCompile Include="..\..\include\turbojpeg\jddctmgr.c">
      <Filter>turbojpeg</Filter>
    </ClCompile>
    <ClCompile Include="..\..\include\turbojpeg\jdhuff.c">
      <Filter>turbojpeg</Filter>
    </ClCompile>
    <ClCompile Include="..\..\include\turbojpeg\jdinput.c">
      <Filter>turbojpeg</Filter>
    </ClCompile>
    <ClCompile Include="..\..\include\turbojpeg\jdmainct.c">
      <Filter>turbojpeg</Filter>
    </ClCompile>
    <ClCompile Include="..\..\include\turbojpeg\jdmarker.c">
      <Filter>turbojpeg</Filter>
    </ClCompile>
    <ClCompile Include="..\..\include\turbojpeg\jdmaster.c">
      <Filter>turbojpeg</Filter>
    </ClCompile>
    <ClCompile Include="..\..\include\turbojpeg\jdmerge.c">
      <Filter>turbojpeg</Filter>
    </ClCompile>
    <ClCompile Include="..\..\include\turbojpeg\jdphuff.c">
      <Filter>turbojpeg</Filter>
    </ClCompile>
    <ClCompile Include="..\..\include\turbojpeg\jdpostct.c">
      <Filter>turbojpeg</Filter>
    </ClCompile>
    <ClCompile Include="..\..\include\turbojpeg\jdsample.c">
      <Filter>turbojpeg</Filter>
    </ClCompile>
    <ClCompile Include="..\..\include\turbojpeg\jdtrans.c">
      <Filter>turbojpeg</Filter>
    </ClCompile>
    <ClCompile Include="..\..\include\turbojpeg\jerror.c">
      <Filter>turbojpeg</Filter>
    </ClCompile>
    <ClCompile Include="..\..\include\turbojpeg\jfdctflt.c">
      <Filter>turbojpeg</Filter>
    </ClCompile>
    <ClCompile Include="..\..\include\turbojpeg\jfdctfst.c">
      <Filter>turbojpeg</Filter>
    </ClCompile>
    <ClCompile Include="..\..\include\turbojpeg\jfdctint.c">
      <Filter>turbojpeg</Filter>
    </ClCompile>
    <ClCompile Include="..\..\include\turbojpeg\jidctflt.c">
      <Filter>turbojpeg</Filter>
    </ClCompile>
    <ClCompile Include="..\..\include\turbojpeg\jidctfst.c">
      <Filter>turbojpeg</Filter>
    </ClCompile>
    <ClCompile Include="..\..\include\turbojpeg\jidctint.c">
      <Filter>turbojpeg</Filter>
    </ClCompile>
    <ClCompile Include="..\..\include\turbojpeg\jidctred.c">
      <Filter>turbojpeg</Filter>
    </ClCompile>
    <ClCompile Include="..\..\include\turbojpeg\jmemmgr.c">
      <Filter>turbojpeg</Filter>
    </ClCompile>
    <ClCompile Include="..\..\include\turbojpeg\jmemnobs.c">
      <Filter>turbojpeg</Filter>
    </ClCompile>
    <ClCompile Include="..\..\include\turbojpeg\jquant1.c">
      <Filter>turbojpeg</Filter>
    </ClCompile>
    <ClCompile Include="..\..\include\turbojpeg\jquant2.c">
      <Filter>turbojpeg</Filter>
    </ClCompile>
    <ClCompile Include="..\..\include\turbojpeg\jutils.c">
      <Filter>turbojpeg</Filter>
    </ClCompile>
    <ClCompile Include="..\..\include\turbojpeg\transupp.c">
      <Filter>turbojpeg</Filter>
    </ClCompile>
    <ClCompile Include="..\..\include\turbojpeg\jsimd.c">
      <Filter>turbojpeg</Filter>
    </ClCompile>
    <ClCompile Include="..\..\include\turbojpeg\turbojpeg.c">
      <Filter>turbojpeg</Filter>
    </ClCompile>
    <ClCompile Include="..\..\include\zlib\inflate.c">
      <Filter>zlib</Filter>
    </ClCompile>
    <ClCompile Include="..\..\include\zlib\adler32.c">
      <Filter>zlib</Filter>
    </ClCompile>
    <ClCompile Include="..\..\include\zlib\crc32.c">
      <Filter>zlib</Filter>
    </ClCompile>
    <ClCompile Include="..\..\include\zlib\inffast.c">
      <Filter>zlib</Filter>
    </ClCompile>
    <ClCompile Include="..\..\include\zlib\inftrees.c">
      <Filter>zlib</Filter>
    </ClCompile>
    <ClCompile Include="..\..\include\zlib\zutil.c">
      <Filter>zlib</Filter>
    </ClCompile>
    <ClCompile Include="..\..\include\zlib\deflate.c">
      <Filter>zlib</Filter>
    </ClCompile>
    <ClCompile Include="..\..\include\zlib\trees.c">
      <Filter>zlib</Filter>
    </ClCompile>
    <ClCompile Include="..\..\include\png\png.c">
      <Filter>png</Filter>
    </ClCompile>
    <ClCompile Include="..\..\include\png\pngerror.c">
      <Filter>png</Filter>
    </ClCompile>
    <ClCompile Include="..\..\include\png\pngget.c">
      <Filter>png</Filter>
    </ClCompile>
    <ClCompile Include="..\..\include\png\pngmem.c">
      <Filter>png</Filter>
    </ClCompile>
    <ClCompile Include="..\..\include\png\pngpread.c">
      <Filter>png</Filter>
    </ClCompile>
    <ClCompile Include="..\..\include\png\pngread.c">
      <Filter>png</Filter>
    </ClCompile>
    <ClCompile Include="..\..\include\png\pngrio.c">
      <Filter>png</Filter>
    </ClCompile>
    <ClCompile Include="..\..\include\png\pngrtran.c">
      <Filter>png</Filter>
    </ClCompile>
    <ClCompile Include="..\..\include\png\pngrutil.c">
      <Filter>png</Filter>
    </ClCompile>
    <ClCompile Include="..\..\include\png\pngset.c">
      <Filter>png</Filter>
    </ClCompile>
    <ClCompile Include="..\..\include\png\pngtrans.c">
      <Filter>png</Filter>
    </ClCompile>
    <ClCompile Include="..\..\include\png\pngwio.c">
      <Filter>png</Filter>
    </ClCompile>
    <ClCompile Include="..\..\include\png\pngwrite.c">
      <Filter>png</Filter>
    </ClCompile>
    <ClCompile Include="..\..\include\png\pngwtran.c">
      <Filter>png</Filter>
    </ClCompile>
    <ClCompile Include="..\..\include\png\pngwutil.c">
      <Filter>png</Filter>
    </ClCompile>
    <ClCompile Include="..\..\include\vorbis\bitrate.c">
      <Filter>vorbis</Filter>
    </ClCompile>
    <ClCompile Include="..\..\include\vorbis\bitwise.c">
      <Filter>vorbis</Filter>
    </ClCompile>
    <ClCompile Include="..\..\include\vorbis\block.c">
      <Filter>vorbis</Filter>
    </ClCompile>
    <ClCompile Include="..\..\include\vorbis\codebook.c">
      <Filter>vorbis</Filter>
    </ClCompile>
    <ClCompile Include="..\..\include\vorbis\envelope.c">
      <Filter>vorbis</Filter>
    </ClCompile>
    <ClCompile Include="..\..\include\vorbis\floor0.c">
      <Filter>vorbis</Filter>
    </ClCompile>
    <ClCompile Include="..\..\include\vorbis\floor1.c">
      <Filter>vorbis</Filter>
    </ClCompile>
    <ClCompile Include="..\..\include\vorbis\framing.c">
      <Filter>vorbis</Filter>
    </ClCompile>
    <ClCompile Include="..\..\include\vorbis\info.c">
      <Filter>vorbis</Filter>
    </ClCompile>
    <ClCompile Include="..\..\include\vorbis\lookup.c">
      <Filter>vorbis</Filter>
    </ClCompile>
    <ClCompile Include="..\..\include\vorbis\lpc.c">
      <Filter>vorbis</Filter>
    </ClCompile>
    <ClCompile Include="..\..\include\vorbis\lsp.c">
      <Filter>vorbis</Filter>
    </ClCompile>
    <ClCompile Include="..\..\include\vorbis\mapping0.c">
      <Filter>vorbis</Filter>
    </ClCompile>
    <ClCompile Include="..\..\include\vorbis\mdct.c">
      <Filter>vorbis</Filter>
    </ClCompile>
    <ClCompile Include="..\..\include\vorbis\psy.c">
      <Filter>vorbis</Filter>
    </ClCompile>
    <ClCompile Include="..\..\include\vorbis\registry.c">
      <Filter>vorbis</Filter>
    </ClCompile>
    <ClCompile Include="..\..\include\vorbis\res0.c">
      <Filter>vorbis</Filter>
    </ClCompile>
    <ClCompile Include="..\..\include\vorbis\sharedbook.c">
      <Filter>vorbis</Filter>
    </ClCompile>
    <ClCompile Include="..\..\include\vorbis\smallft.c">
      <Filter>vorbis</Filter>
    </ClCompile>
    <ClCompile Include="..\..\include\vorbis\synthesis.c">
      <Filter>vorbis</Filter>
    </ClCompile>
    <ClCompile Include="..\..\include\vorbis\vorbisfile.c">
      <Filter>vorbis</Filter>
    </ClCompile>
    <ClCompile Include="..\..\include\opusfile\info.c">
      <Filter>opusfile</Filter>
    </ClCompile>
    <ClCompile Include="..\..\include\opusfile\internal.c">
      <Filter>opusfile</Filter>
    </ClCompile>
    <ClCompile Include="..\..\include\opusfile\opusfile.c">
      <Filter>opusfile</Filter>
    </ClCompile>
    <ClCompile Include="..\..\include\opusfile\stream.c">
      <Filter>opusfile</Filter>
    </ClCompile>
    <ClCompile Include="..\..\include\opus-src\src\opus.c">
      <Filter>opus</Filter>
    </ClCompile>
    <ClCompile Include="..\..\include\opus-src\src\opus_decoder.c">
      <Filter>opus</Filter>
    </ClCompile>
    <ClCompile Include="..\..\include\opus-src\src\opus_encoder.c">
      <Filter>opus</Filter>
    </ClCompile>
    <ClCompile Include="..\..\include\opus-src\src\extensions.c">
      <Filter>opus</Filter>
    </ClCompile>
    <ClCompile Include="..\..\include\opus-src\src\opus_multistream.c">
      <Filter>opus</Filter>
    </ClCompile>
    <ClCompile Include="..\..\include\opus-src\src\opus_multistream_encoder.c">
      <Filter>opus</Filter>
    </ClCompile>
    <ClCompile Include="..\..\include\opus-src\src\opus_multistream_decoder.c">
      <Filter>opus</Filter>
    </ClCompile>
    <ClCompile Include="..\..\include\opus-src\src\repacketizer.c">
      <Filter>opus</Filter>
    </ClCompile>
    <ClCompile Include="..\..\include\opus-src\src\opus_projection_encoder.c">
      <Filter>opus</Filter>
    </ClCompile>
    <ClCompile Include="..\..\include\opus-src\src\opus_projection_decoder.c">
      <Filter>opus</Filter>
    </ClCompile>
    <ClCompile Include="..\..\include\opus-src\src\mapping_matrix.c">
      <Filter>opus</Filter>
    </ClCompile>
    <ClCompile Include="..\..\include\opus-src\src\analysis.c">
      <Filter>opus</Filter>
    </ClCompile>
    <ClCompile Include="..\..\include\opus-src\src\mlp.c">
      <Filter>opus</Filter>
    </ClCompile>
    <ClCompile Include="..\..\include\opus-src\src\mlp_data.c">
      <Filter>opus</Filter>
    </ClCompile>
    <ClCompile Include="..\..\include\opus-src\celt\bands.c">
      <Filter>opus\celt</Filter>
    </ClCompile>
    <ClCompile Include="..\..\include\opus-src\celt\celt.c">
      <Filter>opus\celt</Filter>
    </ClCompile>
    <ClCompile Include="..\..\include\opus-src\celt\celt_encoder.c">
      <Filter>opus\celt</Filter>
    </ClCompile>
    <ClCompile Include="..\..\include\opus-src\celt\celt_decoder.c">
      <Filter>opus\celt</Filter>
    </ClCompile>
    <ClCompile Include="..\..\include\opus-src\celt\cwrs.c">
      <Filter>opus\celt</Filter>
    </ClCompile>
    <ClCompile Include="..\..\include\opus-src\celt\entcode.c">
      <Filter>opus\celt</Filter>
    </ClCompile>
    <ClCompile Include="..\..\include\opus-src\celt\entdec.c">
      <Filter>opus\celt</Filter>
    </ClCompile>
    <ClCompile Include="..\..\include\opus-src\celt\entenc.c">
      <Filter>opus\celt</Filter>
    </ClCompile>
    <ClCompile Include="..\..\include\opus-src\celt\kiss_fft.c">
      <Filter>opus\celt</Filter>
    </ClCompile>
    <ClCompile Include="..\..\include\opus-src\celt\laplace.c">
      <Filter>opus\celt</Filter>
    </ClCompile>
    <ClCompile Include="..\..\include\opus-src\celt\mathops.c">
      <Filter>opus\celt</Filter>
    </ClCompile>
    <ClCompile Include="..\..\include\opus-src\celt\mdct.c">
      <Filter>opus\celt</Filter>
    </ClCompile>
    <ClCompile Include="..\..\include\opus-src\celt\modes.c">
      <Filter>opus\celt</Filter>
    </ClCompile>
    <ClCompile Include="..\..\include\opus-src\celt\pitch.c">
      <Filter>opus\celt</Filter>
    </ClCompile>
    <ClCompile Include="..\..\include\opus-src\celt\celt_lpc.c">
      <Filter>opus\celt</Filter>
    </ClCompile>
    <ClCompile Include="..\..\include\opus-src\celt\quant_bands.c">
      <Filter>opus\celt</Filter>
    </ClCompile>
    <ClCompile Include="..\..\include\opus-src\celt\rate.c">
      <Filter>opus\celt</Filter>
    </ClCompile>
    <ClCompile Include="..\..\include\opus-src\celt\vq.c">
      <Filter>opus\celt</Filter>
    </ClCompile>
    <ClCompile Include="..\..\include\opus-src\silk\CNG.c">
      <Filter>opus\silk</Filter>
    </ClCompile>
    <ClCompile Include="..\..\include\opus-src\silk\code_signs.c">
      <Filter>opus\silk</Filter>
    </ClCompile>
    <ClCompile Include="..\..\include\opus-src\silk\init_decoder.c">
      <Filter>opus\silk</Filter>
    </ClCompile>
    <ClCompile Include="..\..\include\opus-src\silk\decode_core.c">
      <Filter>opus\silk</Filter>
    </ClCompile>
    <ClCompile Include="..\..\include\opus-src\silk\decode_frame.c">
      <Filter>opus\silk</Filter>
    </ClCompile>
    <ClCompile Include="..\..\include\opus-src\silk\decode_parameters.c">
      <Filter>opus\silk</Filter>
    </ClCompile>
    <ClCompile Include="..\..\include\opus-src\silk\decode_indices.c">
      <Filter>opus\silk</Filter>
    </ClCompile>
    <ClCompile Include="..\..\include\opus-src\silk\decode_pulses.c">
      <Filter>opus\silk</Filter>
    </ClCompile>
    <ClCompile Include="..\..\include\opus-src\silk\decoder_set_fs.c">
      <Filter>opus\silk</Filter>
    </ClCompile>
    <ClCompile Include="..\..\include\opus-src\silk\dec_API.c">
      <Filter>opus\silk</Filter>
    </ClCompile>
    <ClCompile Include="..\..\include\opus-src\silk\enc_API.c">
      <Filter>opus\silk</Filter>
    </ClCompile>
    <ClCompile Include="..\..\include\opus-src\silk\encode_indices.c">
      <Filter>opus\silk</Filter>
    </ClCompile>
    <ClCompile Include="..\..\include\opus-src\silk\encode_pulses.c">
      <Filter>opus\silk</Filter>
    </ClCompile>
    <ClCompile Include="..\..\include\opus-src\silk\gain_quant.c">
      <Filter>opus\silk</Filter>
    </ClCompile>
    <ClCompile Include="..\..\include\opus-src\silk\interpolate.c">
      <Filter>opus\silk</Filter>
    </ClCompile>
    <ClCompile Include="..\..\include\opus-src\silk\LP_variable_cutoff.c">
      <Filter>opus\silk</Filter>
    </ClCompile>
    <ClCompile Include="..\..\include\opus-src\silk\NLSF_decode.c">
      <Filter>opus\silk</Filter>
    </ClCompile>
    <ClCompile Include="..\..\include\opus-src\silk\NSQ.c">
      <Filter>opus\silk</Filter>
    </ClCompile>
    <ClCompile Include="..\..\include\opus-src\silk\NSQ_del_dec.c">
      <Filter>opus\silk</Filter>
    </ClCompile>
    <ClCompile Include="..\..\include\opus-src\silk\PLC.c">
      <Filter>opus\silk</Filter>
    </ClCompile>
    <ClCompile Include="..\..\include\opus-src\silk\shell_coder.c">
      <Filter>opus\silk</Filter>
    </ClCompile>
    <ClCompile Include="..\..\include\opus-src\silk\tables_gain.c">
      <Filter>opus\silk</Filter>
    </ClCompile>
    <ClCompile Include="..\..\include\opus-src\silk\tables_LTP.c">
      <Filter>opus\silk</Filter>
    </ClCompile>
    <ClCompile Include="..\..\include\opus-src\silk\tables_NLSF_CB_NB_MB.c">
      <Filter>opus\silk</Filter>
    </ClCompile>
    <ClCompile Include="..\..\include\opus-src\silk\tables_NLSF_CB_WB.c">
      <Filter>opus\silk</Filter>
    </ClCompile>
    <ClCompile Include="..\..\include\opus-src\silk\tables_other.c">
      <Filter>opus\silk</Filter>
    </ClCompile>
    <ClCompile Include="..\..\include\opus-src\silk\tables_pitch_lag.c">
      <Filter>opus\silk</Filter>
    </ClCompile>
    <ClCompile Include="..\..\include\opus-src\silk\tables_pulses_per_block.c">
      <Filter>opus\silk</Filter>
    </ClCompile>
    <ClCompile Include="..\..\include\opus-src\silk\VAD.c">
      <Filter>opus\silk</Filter>
    </ClCompile>
    <ClCompile Include="..\..\include\opus-src\silk\control_audio_bandwidth.c">
      <Filter>opus\silk</Filter>
    </ClCompile>
    <ClCompile Include="..\..\include\opus-src\silk\quant_LTP_gains.c">
      <Filter>opus\silk</Filter>
    </ClCompile>
    <ClCompile Include="..\..\include\opus-src\silk\VQ_WMat_EC.c">
      <Filter>opus\silk</Filter>
    </ClCompile>
    <ClCompile Include="..\..\include\opus-src\silk\HP_variable_cutoff.c">
      <Filter>opus\silk</Filter>
    </ClCompile>
    <ClCompile Include="..\..\include\opus-src\silk\NLSF_encode.c">
      <Filter>opus\silk</Filter>
    </ClCompile>
    <ClCompile Include="..\..\include\opus-src\silk\NLSF_VQ.c">
      <Filter>opus\silk</Filter>
    </ClCompile>
    <ClCompile Include="..\..\include\opus-src\silk\NLSF_unpack.c">
      <Filter>opus\silk</Filter>
    </ClCompile>
    <ClCompile Include="..\..\include\opus-src\silk\NLSF_del_dec_quant.c">
      <Filter>opus\silk</Filter>
    </ClCompile>
    <ClCompile Include="..\..\include\opus-src\silk\process_NLSFs.c">
      <Filter>opus\silk</Filter>
    </ClCompile>
    <ClCompile Include="..\..\include\opus-src\silk\stereo_LR_to_MS.c">
      <Filter>opus\silk</Filter>
    </ClCompile>
    <ClCompile Include="..\..\include\opus-src\silk\stereo_MS_to_LR.c">
      <Filter>opus\silk</Filter>
    </ClCompile>
    <ClCompile Include="..\..\include\opus-src\silk\check_control_input.c">
      <Filter>opus\silk</Filter>
    </ClCompile>
    <ClCompile Include="..\..\include\opus-src\silk\control_SNR.c">
      <Filter>opus\silk</Filter>
    </ClCompile>
    <ClCompile Include="..\..\include\opus-src\silk\init_encoder.c">
      <Filter>opus\silk</Filter>
    </ClCompile>
    <ClCompile Include="..\..\include\opus-src\silk\control_codec.c">
      <Filter>opus\silk</Filter>
    </ClCompile>
    <ClCompile Include="..\..\include\opus-src\silk\A2NLSF.c">
      <Filter>opus\silk</Filter>
    </ClCompile>
    <ClCompile Include="..\..\include\opus-src\silk\ana_filt_bank_1.c">
      <Filter>opus\silk</Filter>
    </ClCompile>
    <ClCompile Include="..\..\include\opus-src\silk\biquad_alt.c">
      <Filter>opus\silk</Filter>
    </ClCompile>
    <ClCompile Include="..\..\include\opus-src\silk\bwexpander_32.c">
      <Filter>opus\silk</Filter>
    </ClCompile>
    <ClCompile Include="..\..\include\opus-src\silk\bwexpander.c">
      <Filter>opus\silk</Filter>
    </ClCompile>
    <ClCompile Include="..\..\include\opus-src\silk\debug.c">
      <Filter>opus\silk</Filter>
    </ClCompile>
    <ClCompile Include="..\..\include\opus-src\silk\decode_pitch.c">
      <Filter>opus\silk</Filter>
    </ClCompile>
    <ClCompile Include="..\..\include\opus-src\silk\inner_prod_aligned.c">
      <Filter>opus\silk</Filter>
    </ClCompile>
    <ClCompile Include="..\..\include\opus-src\silk\lin2log.c">
      <Filter>opus\silk</Filter>
    </ClCompile>
    <ClCompile Include="..\..\include\opus-src\silk\log2lin.c">
      <Filter>opus\silk</Filter>
    </ClCompile>
    <ClCompile Include="..\..\include\opus-src\silk\LPC_analysis_filter.c">
      <Filter>opus\silk</Filter>
    </ClCompile>
    <ClCompile Include="..\..\include\opus-src\silk\LPC_inv_pred_gain.c">
      <Filter>opus\silk</Filter>
    </ClCompile>
    <ClCompile Include="..\..\include\opus-src\silk\table_LSF_cos.c">
      <Filter>opus\silk</Filter>
    </ClCompile>
    <ClCompile Include="..\..\include\opus-src\silk\NLSF2A.c">
      <Filter>opus\silk</Filter>
    </ClCompile>
    <ClCompile Include="..\..\include\opus-src\silk\NLSF_stabilize.c">
      <Filter>opus\silk</Filter>
    </ClCompile>
    <ClCompile Include="..\..\include\opus-src\silk\NLSF_VQ_weights_laroia.c">
      <Filter>opus\silk</Filter>
    </ClCompile>
    <ClCompile Include="..\..\include\opus-src\silk\pitch_est_tables.c">
      <Filter>opus\silk</Filter>
    </ClCompile>
    <ClCompile Include="..\..\include\opus-src\silk\resampler.c">
      <Filter>opus\silk</Filter>
    </ClCompile>
    <ClCompile Include="..\..\include\opus-src\silk\resampler_down2_3.c">
      <Filter>opus\silk</Filter>
    </ClCompile>
    <ClCompile Include="..\..\include\opus-src\silk\resampler_down2.c">
      <Filter>opus\silk</Filter>
    </ClCompile>
    <ClCompile Include="..\..\include\opus-src\silk\resampler_private_AR2.c">
      <Filter>opus\silk</Filter>
    </ClCompile>
    <ClCompile Include="..\..\include\opus-src\silk\resampler_private_down_FIR.c">
      <Filter>opus\silk</Filter>
    </ClCompile>
    <ClCompile Include="..\..\include\opus-src\silk\resampler_private_IIR_FIR.c">
      <Filter>opus\silk</Filter>
    </ClCompile>
    <ClCompile Include="..\..\include\opus-src\silk\resampler_private_up2_HQ.c">
      <Filter>opus\silk</Filter>
    </ClCompile>
    <ClCompile Include="..\..\include\opus-src\silk\resampler_rom.c">
      <Filter>opus\silk</Filter>
    </ClCompile>
    <ClCompile Include="..\..\include\opus-src\silk\sigm_Q15.c">
      <Filter>opus\silk</Filter>
    </ClCompile>
    <ClCompile Include="..\..\include\opus-src\silk\sort.c">
      <Filter>opus\silk</Filter>
    </ClCompile>
    <ClCompile Include="..\..\include\opus-src\silk\sum_sqr_shift.c">
      <Filter>opus\silk</Filter>
    </ClCompile>
    <ClCompile Include="..\..\include\opus-src\silk\stereo_decode_pred.c">
      <Filter>opus\silk</Filter>
    </ClCompile>
    <ClCompile Include="..\..\include\opus-src\silk\stereo_encode_pred.c">
      <Filter>opus\silk</Filter>
    </ClCompile>
    <ClCompile Include="..\..\include\opus-src\silk\stereo_find_predictor.c">
      <Filter>opus\silk</Filter>
    </ClCompile>
    <ClCompile Include="..\..\include\opus-src\silk\stereo_quant_pred.c">
      <Filter>opus\silk</Filter>
    </ClCompile>
    <ClCompile Include="..\..\include\opus-src\silk\LPC_fit.c">
      <Filter>opus\silk</Filter>
    </ClCompile>
    <ClCompile Include="..\..\include\opus-src\silk\float\apply_sine_window_FLP.c">
      <Filter>opus\silk\float</Filter>
    </ClCompile>
    <ClCompile Include="..\..\include\opus-src\silk\float\corrMatrix_FLP.c">
      <Filter>opus\silk\float</Filter>
    </ClCompile>
    <ClCompile Include="..\..\include\opus-src\silk\float\encode_frame_FLP.c">
      <Filter>opus\silk\float</Filter>
    </ClCompile>
    <ClCompile Include="..\..\include\opus-src\silk\float\find_LPC_FLP.c">
      <Filter>opus\silk\float</Filter>
    </ClCompile>
    <ClCompile Include="..\..\include\opus-src\silk\float\find_LTP_FLP.c">
      <Filter>opus\silk\float</Filter>
    </ClCompile>
    <ClCompile Include="..\..\include\opus-src\silk\float\find_pitch_lags_FLP.c">
      <Filter>opus\silk\float</Filter>
    </ClCompile>
    <ClCompile Include="..\..\include\opus-src\silk\float\find_pred_coefs_FLP.c">
      <Filter>opus\silk\float</Filter>
    </ClCompile>
    <ClCompile Include="..\..\include\opus-src\silk\float\LPC_analysis_filter_FLP.c">
      <Filter>opus\silk\float</Filter>
    </ClCompile>
    <ClCompile Include="..\..\include\opus-src\silk\float\LTP_analysis_filter_FLP.c">
      <Filter>opus\silk\float</Filter>
    </ClCompile>
    <ClCompile Include="..\..\include\opus-src\silk\float\LTP_scale_ctrl_FLP.c">
      <Filter>opus\silk\float</Filter>
    </ClCompile>
    <ClCompile Include="..\..\include\opus-src\silk\float\noise_shape_analysis_FLP.c">
      <Filter>opus\silk\float</Filter>
    </ClCompile>
    <ClCompile Include="..\..\include\opus-src\silk\float\process_gains_FLP.c">
      <Filter>opus\silk\float</Filter>
    </ClCompile>
    <ClCompile Include="..\..\include\opus-src\silk\float\regularize_correlations_FLP.c">
      <Filter>opus\silk\float</Filter>
    </ClCompile>
    <ClCompile Include="..\..\include\opus-src\silk\float\residual_energy_FLP.c">
      <Filter>opus\silk\float</Filter>
    </ClCompile>
    <ClCompile Include="..\..\include\opus-src\silk\float\warped_autocorrelation_FLP.c">
      <Filter>opus\silk\float</Filter>
    </ClCompile>
    <ClCompile Include="..\..\include\opus-src\silk\float\wrappers_FLP.c">
      <Filter>opus\silk\float</Filter>
    </ClCompile>
    <ClCompile Include="..\..\include\opus-src\silk\float\autocorrelation_FLP.c">
      <Filter>opus\silk\float</Filter>
    </ClCompile>
    <ClCompile Include="..\..\include\opus-src\silk\float\burg_modified_FLP.c">
      <Filter>opus\silk\float</Filter>
    </ClCompile>
    <ClCompile Include="..\..\include\opus-src\silk\float\bwexpander_FLP.c">
      <Filter>opus\silk\float</Filter>
    </ClCompile>
    <ClCompile Include="..\..\include\opus-src\silk\float\energy_FLP.c">
      <Filter>opus\silk\float</Filter>
    </ClCompile>
    <ClCompile Include="..\..\include\opus-src\silk\float\inner_product_FLP.c">
      <Filter>opus\silk\float</Filter>
    </ClCompile>
    <ClCompile Include="..\..\include\opus-src\silk\float\k2a_FLP.c">
      <Filter>opus\silk\float</Filter>
    </ClCompile>
    <ClCompile Include="..\..\include\opus-src\silk\float\LPC_inv_pred_gain_FLP.c">
      <Filter>opus\silk\float</Filter>
    </ClCompile>
    <ClCompile Include="..\..\include\opus-src\silk\float\pitch_analysis_core_FLP.c">
      <Filter>opus\silk\float</Filter>
    </ClCompile>
    <ClCompile Include="..\..\include\opus-src\silk\float\scale_copy_vector_FLP.c">
      <Filter>opus\silk\float</Filter>
    </ClCompile>
    <ClCompile Include="..\..\include\opus-src\silk\float\scale_vector_FLP.c">
      <Filter>opus\silk\float</Filter>
    </ClCompile>
    <ClCompile Include="..\..\include\opus-src\silk\float\schur_FLP.c">
      <Filter>opus\silk\float</Filter>
    </ClCompile>
    <ClCompile Include="..\..\include\opus-src\silk\float\sort_FLP.c">
      <Filter>opus\silk\float</Filter>
    </ClCompile>
    <ClCompile Include="..\..\include\vorbis\window.c">
      <Filter>vorbis</Filter>
    </ClCompile>
    <ClCompile Include="sha1.c" />
    <ClCompile Include="mikkt.c" />
    <ClCompile Include="..\..\include\mikktspace\mikktspace.c">
      <Filter>mikkt</Filter>
    </ClCompile>
    <ClCompile Include="dxt.c" />
  </ItemGroup>
  <ItemGroup>
    <Filter Include="turbojpeg">
      <UniqueIdentifier>{7c911b77-37c7-4ceb-a8ff-e9b3f0c4b21c}</UniqueIdentifier>
    </Filter>
    <Filter Include="zlib">
      <UniqueIdentifier>{cc205701-f7b7-43f9-abac-942df6a44718}</UniqueIdentifier>
    </Filter>
    <Filter Include="png">
      <UniqueIdentifier>{4db0a874-5bbe-47bd-b1ec-e642ab7f5737}</UniqueIdentifier>
    </Filter>
    <Filter Include="vorbis">
      <UniqueIdentifier>{3f330839-1ff8-4160-8d74-6957d97e9e37}</UniqueIdentifier>
    </Filter>
    <Filter Include="mikkt">
      <UniqueIdentifier>{b16da6f5-be29-4433-b595-14badcd2cd06}</UniqueIdentifier>
    </Filter>
    <Filter Include="minimp3">
      <UniqueIdentifier>{1bfe5a7d-6015-497d-936d-1a92e8938ca7}</UniqueIdentifier>
    </Filter>
    <Filter Include="opusfile">
      <UniqueIdentifier>{a2c3d4e5-f6a7-48b9-c0d1-e2f3a4b5c6d7}</UniqueIdentifier>
    </Filter>
    <Filter Include="opus">
      <UniqueIdentifier>{b3d4e5f6-a7b8-49c0-d1e2-f3a4b5c6d7e8}</UniqueIdentifier>
    </Filter>
    <Filter Include="opus\celt">
      <UniqueIdentifier>{c4e5f6a7-b8c9-4ad0-e1f2-a3b4c5d6e7f8}</UniqueIdentifier>
    </Filter>
    <Filter Include="opus\silk">
      <UniqueIdentifier>{d5f6a7b8-c9d0-4be1-f2a3-b4c5d6e7f8a9}</UniqueIdentifier>
    </Filter>
    <Filter Include="opus\silk\float">
      <UniqueIdentifier>{e6a7b8c9-d0e1-4cf2-a3b4-c5d6e7f8a9b0}</UniqueIdentifier>
    </Filter>
  </ItemGroup>
  <ItemGroup>
    <ClInclude Include="..\..\include\zlib\zconf.h">
      <Filter>zlib</Filter>
    </ClInclude>
    <ClInclude Include="..\..\include\zlib\zlib.h">
      <Filter>zlib</Filter>
    </ClInclude>
    <ClInclude Include="..\..\include\zlib\inffast.h">
      <Filter>zlib</Filter>
    </ClInclude>
    <ClInclude Include="..\..\include\zlib\inflate.h">
      <Filter>zlib</Filter>
    </ClInclude>
    <ClInclude Include="..\..\include\zlib\inftrees.h">
      <Filter>zlib</Filter>
    </ClInclude>
    <ClInclude Include="..\..\include\zlib\inffixed.h">
      <Filter>zlib</Filter>
    </ClInclude>
    <ClInclude Include="..\..\include\zlib\crc32.h">
      <Filter>zlib</Filter>
    </ClInclude>
    <ClInclude Include="..\..\include\zlib\deflate.h">
      <Filter>zlib</Filter>
    </ClInclude>
    <ClInclude Include="..\..\include\zlib\trees.h">
      <Filter>zlib</Filter>
    </ClInclude>
    <ClInclude Include="..\..\include\png\png.h">
      <Filter>png</Filter>
    </ClInclude>
    <ClInclude Include="..\..\include\png\pngconf.h">
      <Filter>png</Filter>
    </ClInclude>
    <ClInclude Include="..\..\include\png\pngdebug.h">
      <Filter>png</Filter>
    </ClInclude>
    <ClInclude Include="..\..\include\png\pnginfo.h">
      <Filter>png</Filter>
    </ClInclude>
    <ClInclude Include="..\..\include\png\pnglibconf.h">
      <Filter>png</Filter>
    </ClInclude>
    <ClInclude Include="..\..\include\png\pngpriv.h">
      <Filter>png</Filter>
    </ClInclude>
    <ClInclude Include="..\..\include\png\pngstruct.h">
      <Filter>png</Filter>
    </ClInclude>
    <ClInclude Include="..\..\include\vorbis\backends.h">
      <Filter>vorbis</Filter>
    </ClInclude>
    <ClInclude Include="..\..\include\vorbis\bitrate.h">
      <Filter>vorbis</Filter>
    </ClInclude>
    <ClInclude Include="..\..\include\vorbis\codebook.h">
      <Filter>vorbis</Filter>
    </ClInclude>
    <ClInclude Include="..\..\include\vorbis\codec_internal.h">
      <Filter>vorbis</Filter>
    </ClInclude>
    <ClInclude Include="..\..\include\vorbis\envelope.h">
      <Filter>vorbis</Filter>
    </ClInclude>
    <ClInclude Include="..\..\include\vorbis\highlevel.h">
      <Filter>vorbis</Filter>
    </ClInclude>
    <ClInclude Include="..\..\include\vorbis\lookup.h">
      <Filter>vorbis</Filter>
    </ClInclude>
    <ClInclude Include="..\..\include\vorbis\lookup_data.h">
      <Filter>vorbis</Filter>
    </ClInclude>
    <ClInclude Include="..\..\include\vorbis\lpc.h">
      <Filter>vorbis</Filter>
    </ClInclude>
    <ClInclude Include="..\..\include\vorbis\lsp.h">
      <Filter>vorbis</Filter>
    </ClInclude>
    <ClInclude Include="..\..\include\vorbis\masking.h">
      <Filter>vorbis</Filter>
    </ClInclude>
    <ClInclude Include="..\..\include\vorbis\mdct.h">
      <Filter>vorbis</Filter>
    </ClInclude>
    <ClInclude Include="..\..\include\vorbis\misc.h">
      <Filter>vorbis</Filter>
    </ClInclude>
    <ClInclude Include="..\..\include\vorbis\os.h">
      <Filter>vorbis</Filter>
    </ClInclude>
    <ClInclude Include="..\..\include\vorbis\psy.h">
      <Filter>vorbis</Filter>
    </ClInclude>
    <ClInclude Include="..\..\include\vorbis\registry.h">
      <Filter>vorbis</Filter>
    </ClInclude>
    <ClInclude Include="..\..\include\vorbis\scales.h">
      <Filter>vorbis</Filter>
    </ClInclude>
    <ClInclude Include="..\..\include\vorbis\smallft.h">
      <Filter>vorbis</Filter>
    </ClInclude>
    <ClInclude Include="..\..\include\vorbis\window.h">
      <Filter>vorbis</Filter>
    </ClInclude>
    <ClInclude Include="..\..\include\opus-src\include\opus_defines.h">
      <Filter>opus</Filter>
    </ClInclude>
    <ClInclude Include="..\..\include\opus-src\include\opus_multistream.h">
      <Filter>opus</Filter>
    </ClInclude>
    <ClInclude Include="..\..\include\opus-src\include\opus_projection.h">
      <Filter>opus</Filter>
    </ClInclude>
    <ClInclude Include="..\..\include\opus-src\include\opus_types.h">
      <Filter>opus</Filter>
    </ClInclude>
    <ClInclude Include="..\..\include\opus-src\include\opus.h">
      <Filter>opus</Filter>
    </ClInclude>
    <ClInclude Include="..\..\include\opusfile\internal.h">
      <Filter>opusfile</Filter>
    </ClInclude>
    <ClInclude Include="..\..\include\opusfile\opusfile.h">
      <Filter>opusfile</Filter>
    </ClInclude>
    <ClInclude Include="sha1.h" />
    <ClInclude Include="..\..\include\mikktspace\mikktspace.h">
      <Filter>mikkt</Filter>
    </ClInclude>
    <ClInclude Include="..\..\include\minimp3\minimp3.h">
      <Filter>minimp3</Filter>
    </ClInclude>
  </ItemGroup>
</Project>